Microsoft Visual Studio Solution File, Format Version 11.00
# Visual Studio 2008

Project("{8C0190C1-FDC8-6D0B-6629-56694E3999D0}") = "GGJ16-TeamNorman", "Assembly-CSharp.csproj", "{9384B1BB-5527-CE2A-D56A-10791D8148B8}"
EndProject
Global
	GlobalSection(SolutionConfigurationPlatforms) = preSolution
		Debug|Any CPU = Debug|Any CPU
		Release|Any CPU = Release|Any CPU
	EndGlobalSection
	GlobalSection(ProjectConfigurationPlatforms) = postSolution
		{9384B1BB-5527-CE2A-D56A-10791D8148B8}.Debug|Any CPU.ActiveCfg = Debug|Any CPU
		{9384B1BB-5527-CE2A-D56A-10791D8148B8}.Debug|Any CPU.Build.0 = Debug|Any CPU
		{9384B1BB-5527-CE2A-D56A-10791D8148B8}.Release|Any CPU.ActiveCfg = Release|Any CPU
		{9384B1BB-5527-CE2A-D56A-10791D8148B8}.Release|Any CPU.Build.0 = Release|Any CPU
	EndGlobalSection
	GlobalSection(SolutionProperties) = preSolution
		HideSolutionNode = FALSE
	EndGlobalSection
	GlobalSection(MonoDevelopProperties) = preSolution
		StartupItem = Assembly-CSharp.csproj
	EndGlobalSection
EndGlobal
